
Microsoft Visual Studio Solution File, Format Version 12.00
# Visual Studio 15
VisualStudioVersion = 15.0.28010.2019
MinimumVisualStudioVersion = 10.0.40219.1
Project("{FAE04EC0-301F-11D3-BF4B-00C04F79EFBC}") = "RecruitingSignUpForm", "RecruitingSignUpForm\RecruitingSignUpForm.csproj", "{1003F95D-48F0-4C62-B9F0-DFB804E4BF68}"
EndProject
Global
	GlobalSection(SolutionConfigurationPlatforms) = preSolution
		Debug|Any CPU = Debug|Any CPU
		Release|Any CPU = Release|Any CPU
	EndGlobalSection
	GlobalSection(ProjectConfigurationPlatforms) = postSolution
		{1003F95D-48F0-4C62-B9F0-DFB804E4BF68}.Debug|Any CPU.ActiveCfg = Debug|Any CPU
		{1003F95D-48F0-4C62-B9F0-DFB804E4BF68}.Debug|Any CPU.Build.0 = Debug|Any CPU
		{1003F95D-48F0-4C62-B9F0-DFB804E4BF68}.Release|Any CPU.ActiveCfg = Release|Any CPU
		{1003F95D-48F0-4C62-B9F0-DFB804E4BF68}.Release|Any CPU.Build.0 = Release|Any CPU
	EndGlobalSection
	GlobalSection(SolutionProperties) = preSolution
		HideSolutionNode = FALSE
	EndGlobalSection
	GlobalSection(ExtensibilityGlobals) = postSolution
		SolutionGuid = {27228488-E620-4227-B02B-1F94C09E5FBD}
	EndGlobalSection
EndGlobal
